
Microsoft Visual Studio Solution File, Format Version 12.00
# Visual Studio 15
Project("{FAE04EC0-301F-11D3-BF4B-00C04F79EFBC}") = "Blankio", "Blankio\Blankio.csproj", "{E345B359-32CA-40CA-81A4-26235509C836}"
EndProject
Global
	GlobalSection(SolutionConfigurationPlatforms) = preSolution
		Debug|anycpu = Debug|anycpu
		Release|anycpu = Release|anycpu
	EndGlobalSection
	GlobalSection(ProjectConfigurationPlatforms) = postSolution
		{E345B359-32CA-40CA-81A4-26235509C836}.Debug|anycpu.ActiveCfg = Debug|anycpu
		{E345B359-32CA-40CA-81A4-26235509C836}.Debug|anycpu.Build.0 = Debug|anycpu
		{E345B359-32CA-40CA-81A4-26235509C836}.Release|anycpu.ActiveCfg = Release|anycpu
		{E345B359-32CA-40CA-81A4-26235509C836}.Release|anycpu.Build.0 = Release|anycpu
	EndGlobalSection
EndGlobal
